#MicroXplorer Configuration settings - do not modify
CORTEX_M7.ART_ACCLERATOR_ENABLE=1
CORTEX_M7.CPU_DCache=Enabled
CORTEX_M7.CPU_ICache=Enabled
CORTEX_M7.IPParameters=ART_ACCLERATOR_ENABLE,PREFETCH_ENABLE,CPU_ICache,CPU_DCache
CORTEX_M7.PREFETCH_ENABLE=1
FREERTOS.IPParameters=Tasks01
FREERTOS.Tasks01=defaultTask,0,128,StartDefaultTask;myTask02,0,128,StartTask02;myTask03,1,128,StartTask03
File.Version=5
I2C1.I2C_Fall_Time=100
I2C1.I2C_Rise_Time=700
I2C1.I2C_Speed_Mode=I2C_Standard
I2C1.IPParameters=Timing,NoStretchMode,I2C_Speed_Mode,Speed,I2C_Fall_Time,I2C_Rise_Time
I2C1.NoStretchMode=I2C_NOSTRETCH_ENABLE
I2C1.Speed=100
I2C1.Timing=0x10C03543
KeepUserPlacement=true
Mcu.Family=STM32F7
Mcu.IP0=CORTEX_M7
Mcu.IP1=FREERTOS
Mcu.IP2=I2C1
Mcu.IP3=NVIC
Mcu.IP4=RCC
Mcu.IP5=SYS
Mcu.IP6=TIM7
Mcu.IP7=USART6
Mcu.IPNb=8
Mcu.Name=STM32F746N(E-G)Hx
Mcu.Package=TFBGA216
Mcu.Pin0=PB8
Mcu.Pin1=PA14
Mcu.Pin10=VP_TIM7_VS_ClockSourceINT
Mcu.Pin2=PA13
Mcu.Pin3=PB9
Mcu.Pin4=PI0
Mcu.Pin5=PH0/OSC_IN
Mcu.Pin6=PC7
Mcu.Pin7=PH1/OSC_OUT
Mcu.Pin8=PC6
Mcu.Pin9=VP_FREERTOS_VS_ENABLE
Mcu.PinsNb=11
Mcu.UserConstants=
Mcu.UserName=STM32F746NGHx
MxCube.Version=4.10.1
MxDb.Version=DB.4.0.101
NVIC.PriorityGroup=NVIC_PRIORITYGROUP_4
NVIC.SysTick_IRQn=true\:0\:0\:false
NVIC.TIM7_IRQn=true\:5\:0\:false
NVIC.USART6_IRQn=true\:5\:0\:false
PA13.Mode=Serial-Wire
PA13.Signal=SYS_JTMS-SWDIO
PA14.Mode=Serial-Wire
PA14.Signal=SYS_JTCK-SWCLK
PB8.Mode=I2C
PB8.Signal=I2C1_SCL
PB9.Mode=I2C
PB9.Signal=I2C1_SDA
PC6.Locked=true
PC6.Mode=Asynchronous
PC6.Signal=USART6_TX
PC7.Locked=true
PC7.Mode=Asynchronous
PC7.Signal=USART6_RX
PCC.Checker=false
PCC.Line=STM32F7x6
PCC.MCU=STM32F746N(E-G)Hx
PCC.MXVersion=4.10.1
PCC.PartNumber=STM32F746NGHx
PCC.Seq0=0
PCC.Series=STM32F7
PCC.Temperature=25
PCC.Vdd=3.3
PH0/OSC_IN.Mode=HSE-External-Oscillator
PH0/OSC_IN.Signal=RCC_OSC_IN
PH1/OSC_OUT.Mode=HSE-External-Oscillator
PH1/OSC_OUT.Signal=RCC_OSC_OUT
PI0.Locked=true
PI0.Signal=GPIO_Output
ProjectManager.AskForMigrate=true
ProjectManager.BackupPrevious=false
ProjectManager.CompilerOptimize=2
ProjectManager.ComputerToolchain=false
ProjectManager.CoupleFile=true
ProjectManager.DeletePrevious=true
ProjectManager.DeviceId=STM32F746NGHx
ProjectManager.FirmwarePackage=STM32Cube FW_F7 V1.1.0
ProjectManager.FreePins=false
ProjectManager.HalAssertFull=false
ProjectManager.KeepUserCode=true
ProjectManager.LastFirmware=true
ProjectManager.LibraryCopy=2
ProjectManager.ProjectBuild=false
ProjectManager.ProjectFileName=Monotroch.ioc
ProjectManager.ProjectName=Monotroch
ProjectManager.TargetToolchain=MDK-ARM V5
ProjectManager.ToolChainLocation=
RCC.AHBFreq_Value=216000000
RCC.APB1CLKDivider=RCC_HCLK_DIV8
RCC.APB1Freq_Value=27000000
RCC.APB1TimFreq_Value=54000000
RCC.APB2CLKDivider=RCC_HCLK_DIV4
RCC.APB2Freq_Value=54000000
RCC.APB2TimFreq_Value=108000000
RCC.CECFreq_Value=32786.88524590164
RCC.CortexFreq_Value=216000000
RCC.EthernetFreq_Value=216000000
RCC.FCLKCortexFreq_Value=216000000
RCC.FamilyName=M
RCC.HCLKFreq_Value=216000000
RCC.HSE_VALUE=25000000
RCC.HSI_VALUE=16000000
RCC.I2C1Freq_Value=27000000
RCC.I2C2Freq_Value=27000000
RCC.I2C3Freq_Value=27000000
RCC.I2C4Freq_Value=27000000
RCC.I2SFreq_Value=96000000
RCC.IPParameters=FamilyName,HSI_VALUE,CECFreq_Value,HSE_VALUE,SDMMCFreq_Value,LSE_VALUE,LSI_VALUE,VCOInputFreq_Value,VCOOutputFreq_Value,PLLCLKFreq_Value,PLLQCLKFreq_Value,USBFreq_Value,VCOSAIOutputFreq_Value,PLLSAIPCLKFreq_Value,PLLSAIoutputFreq_Value,PLLSAIQCLKFreq_Value,SAI1Freq_Value,SAI2Freq_Value,PLLSAIRCLKFreq_Value,LCDTFToutputFreq_Value,VCOI2SOutputFreq_Value,PLLI2SPCLKFreq_Value,SPDIFRXFreq_Value,PLLI2SQCLKFreq_Value,PLLI2SRCLKFreq_Value,I2SFreq_Value,PLLSourceVirtual,PLLQoutputFreq_Value,PLLI2SRoutputFreq_Value,PLLN,PLLM,SYSCLKSource,EthernetFreq_Value,HCLKFreq_Value,AHBFreq_Value,CortexFreq_Value,FCLKCortexFreq_Value,APB1Freq_Value,APB1TimFreq_Value,I2C3Freq_Value,UART5Freq_Value,I2C1Freq_Value,UART8Freq_Value,USART3Freq_Value,I2C2Freq_Value,I2C4Freq_Value,UART4Freq_Value,UART7Freq_Value,USART2Freq_Value,LPTIM1Freq_Value,APB2Freq_Value,APB2TimFreq_Value,USART1Freq_Value,USART6Freq_Value,SYSCLKFreq_VALUE,MCO2PinFreq_Value,APB1CLKDivider,APB2CLKDivider
RCC.LCDTFToutputFreq_Value=48000000
RCC.LPTIM1Freq_Value=27000000
RCC.LSE_VALUE=32768
RCC.LSI_VALUE=32000
RCC.MCO2PinFreq_Value=216000000
RCC.PLLCLKFreq_Value=216000000
RCC.PLLI2SPCLKFreq_Value=96000000
RCC.PLLI2SQCLKFreq_Value=96000000
RCC.PLLI2SRCLKFreq_Value=96000000
RCC.PLLI2SRoutputFreq_Value=96000000
RCC.PLLM=25
RCC.PLLN=432
RCC.PLLQCLKFreq_Value=216000000
RCC.PLLQoutputFreq_Value=216000000
RCC.PLLSAIPCLKFreq_Value=96000000
RCC.PLLSAIQCLKFreq_Value=96000000
RCC.PLLSAIRCLKFreq_Value=96000000
RCC.PLLSAIoutputFreq_Value=96000000
RCC.PLLSourceVirtual=RCC_PLLSOURCE_HSE
RCC.SAI1Freq_Value=96000000
RCC.SAI2Freq_Value=96000000
RCC.SDMMCFreq_Value=216000000
RCC.SPDIFRXFreq_Value=96000000
RCC.SYSCLKFreq_VALUE=216000000
RCC.SYSCLKSource=RCC_SYSCLKSOURCE_PLLCLK
RCC.UART4Freq_Value=27000000
RCC.UART5Freq_Value=27000000
RCC.UART7Freq_Value=27000000
RCC.UART8Freq_Value=27000000
RCC.USART1Freq_Value=54000000
RCC.USART2Freq_Value=27000000
RCC.USART3Freq_Value=27000000
RCC.USART6Freq_Value=54000000
RCC.USBFreq_Value=216000000
RCC.VCOI2SOutputFreq_Value=192000000
RCC.VCOInputFreq_Value=1000000
RCC.VCOOutputFreq_Value=432000000
RCC.VCOSAIOutputFreq_Value=192000000
TIM7.IPParameters=Prescaler,Period,TIM_MasterOutputTrigger
TIM7.Period=99
TIM7.Prescaler=5399
TIM7.TIM_MasterOutputTrigger=TIM_TRGO_UPDATE
USART6.IPParameters=WordLength
USART6.WordLength=UART_WORDLENGTH_8B
VP_FREERTOS_VS_ENABLE.Mode=Enabled
VP_FREERTOS_VS_ENABLE.Signal=FREERTOS_VS_ENABLE
VP_TIM7_VS_ClockSourceINT.Mode=Enable_Timer
VP_TIM7_VS_ClockSourceINT.Signal=TIM7_VS_ClockSourceINT
board=Monotroch
